
Microsoft Visual Studio Solution File, Format Version 12.00
# Visual Studio Version 17
VisualStudioVersion = 17.7.34031.279
MinimumVisualStudioVersion = 10.0.40219.1
Project("{FAE04EC0-301F-11D3-BF4B-00C04F79EFBC}") = "TestExamples", "TestExamples.csproj", "{BAFAB206-880A-4D5E-B5B4-F5301164127E}"
EndProject
Global
	GlobalSection(SolutionConfigurationPlatforms) = preSolution
		Debug|Any CPU = Debug|Any CPU
		Release|Any CPU = Release|Any CPU
	EndGlobalSection
	GlobalSection(ProjectConfigurationPlatforms) = postSolution
		{BAFAB206-880A-4D5E-B5B4-F5301164127E}.Debug|Any CPU.ActiveCfg = Debug|Any CPU
		{BAFAB206-880A-4D5E-B5B4-F5301164127E}.Debug|Any CPU.Build.0 = Debug|Any CPU
		{BAFAB206-880A-4D5E-B5B4-F5301164127E}.Release|Any CPU.ActiveCfg = Release|Any CPU
		{BAFAB206-880A-4D5E-B5B4-F5301164127E}.Release|Any CPU.Build.0 = Release|Any CPU
	EndGlobalSection
	GlobalSection(SolutionProperties) = preSolution
		HideSolutionNode = FALSE
	EndGlobalSection
	GlobalSection(ExtensibilityGlobals) = postSolution
		SolutionGuid = {F24D7F55-9C21-4D8E-B00B-78B4899FF35D}
	EndGlobalSection
EndGlobal
